
Microsoft Visual Studio Solution File, Format Version 12.00
# Visual Studio Version 17
VisualStudioVersion = 17.14.36109.1 d17.14
MinimumVisualStudioVersion = 10.0.40219.1
Project("{FAE04EC0-301F-11D3-BF4B-00C04F79EFBC}") = "AddEiksInXlsxFile", "AddEiksInXlsxFile.csproj", "{5DE11D4D-4ADE-DB65-EFDA-F00AC7CD6A67}"
EndProject
Project("{FAE04EC0-301F-11D3-BF4B-00C04F79EFBC}") = "AddEiksInXlsxFile.Tests", "AddEiksInXlsxFile.Tests\AddEiksInXlsxFile.Tests.csproj", "{A1B2C3D4-E5F6-7890-ABCD-EF1234567890}"
EndProject
Global
	GlobalSection(SolutionConfigurationPlatforms) = preSolution
		Debug|Any CPU = Debug|Any CPU
		Release|Any CPU = Release|Any CPU
	EndGlobalSection
	GlobalSection(ProjectConfigurationPlatforms) = postSolution
		{5DE11D4D-4ADE-DB65-EFDA-F00AC7CD6A67}.Debug|Any CPU.ActiveCfg = Debug|Any CPU
		{5DE11D4D-4ADE-DB65-EFDA-F00AC7CD6A67}.Debug|Any CPU.Build.0 = Debug|Any CPU
		{5DE11D4D-4ADE-DB65-EFDA-F00AC7CD6A67}.Release|Any CPU.ActiveCfg = Release|Any CPU
		{5DE11D4D-4ADE-DB65-EFDA-F00AC7CD6A67}.Release|Any CPU.Build.0 = Release|Any CPU
		{A1B2C3D4-E5F6-7890-ABCD-EF1234567890}.Debug|Any CPU.ActiveCfg = Debug|Any CPU
		{A1B2C3D4-E5F6-7890-ABCD-EF1234567890}.Debug|Any CPU.Build.0 = Debug|Any CPU
		{A1B2C3D4-E5F6-7890-ABCD-EF1234567890}.Release|Any CPU.ActiveCfg = Release|Any CPU
		{A1B2C3D4-E5F6-7890-ABCD-EF1234567890}.Release|Any CPU.Build.0 = Release|Any CPU
	EndGlobalSection
	GlobalSection(SolutionProperties) = preSolution
		HideSolutionNode = FALSE
	EndGlobalSection
	GlobalSection(ExtensibilityGlobals) = postSolution
		SolutionGuid = {DD8A4701-F62D-4199-AA81-448437348425}
	EndGlobalSection
EndGlobal
